
Microsoft Visual Studio Solution File, Format Version 12.00
# Visual Studio 15
VisualStudioVersion = 15.0.26403.7
MinimumVisualStudioVersion = 10.0.40219.1
Project("{9A19103F-16F7-4668-BE54-9A1E7A4F7556}") = "UofJson.Web", "Web\UofJson.Web.csproj", "{31DAB555-30E2-451D-91CD-04650ECE9ADE}"
EndProject
Project("{9A19103F-16F7-4668-BE54-9A1E7A4F7556}") = "UofJson.API", "API\UofJson.API.csproj", "{519C2C85-E843-43CD-A28D-94B5DB176307}"
EndProject
Project("{2150E333-8FDC-42A3-9474-1A3956D46DE8}") = "Solution Items", "Solution Items", "{78EB20CF-7E58-44AC-94A6-D23D6BFD74A6}"
	ProjectSection(SolutionItems) = preProject
		.editorconfig = .editorconfig
		.gitignore = .gitignore
		README.md = README.md
	EndProjectSection
EndProject
Global
	GlobalSection(SolutionConfigurationPlatforms) = preSolution
		Debug|Any CPU = Debug|Any CPU
		Release|Any CPU = Release|Any CPU
	EndGlobalSection
	GlobalSection(ProjectConfigurationPlatforms) = postSolution
		{31DAB555-30E2-451D-91CD-04650ECE9ADE}.Debug|Any CPU.ActiveCfg = Debug|Any CPU
		{31DAB555-30E2-451D-91CD-04650ECE9ADE}.Debug|Any CPU.Build.0 = Debug|Any CPU
		{31DAB555-30E2-451D-91CD-04650ECE9ADE}.Release|Any CPU.ActiveCfg = Release|Any CPU
		{31DAB555-30E2-451D-91CD-04650ECE9ADE}.Release|Any CPU.Build.0 = Release|Any CPU
		{519C2C85-E843-43CD-A28D-94B5DB176307}.Debug|Any CPU.ActiveCfg = Debug|Any CPU
		{519C2C85-E843-43CD-A28D-94B5DB176307}.Debug|Any CPU.Build.0 = Debug|Any CPU
		{519C2C85-E843-43CD-A28D-94B5DB176307}.Release|Any CPU.ActiveCfg = Release|Any CPU
		{519C2C85-E843-43CD-A28D-94B5DB176307}.Release|Any CPU.Build.0 = Release|Any CPU
	EndGlobalSection
	GlobalSection(SolutionProperties) = preSolution
		HideSolutionNode = FALSE
	EndGlobalSection
EndGlobal
